
Microsoft Visual Studio Solution File, Format Version 12.00
# Visual Studio Version 17
VisualStudioVersion = 17.9.34728.123
MinimumVisualStudioVersion = 10.0.40219.1
Project("{FAE04EC0-301F-11D3-BF4B-00C04F79EFBC}") = "kursach", "kursach.csproj", "{778ADA0D-7264-4B57-A4CE-058393F575CD}"
EndProject
Global
	GlobalSection(SolutionConfigurationPlatforms) = preSolution
		Debug|Any CPU = Debug|Any CPU
		Release|Any CPU = Release|Any CPU
	EndGlobalSection
	GlobalSection(ProjectConfigurationPlatforms) = postSolution
		{778ADA0D-7264-4B57-A4CE-058393F575CD}.Debug|Any CPU.ActiveCfg = Debug|Any CPU
		{778ADA0D-7264-4B57-A4CE-058393F575CD}.Debug|Any CPU.Build.0 = Debug|Any CPU
		{778ADA0D-7264-4B57-A4CE-058393F575CD}.Release|Any CPU.ActiveCfg = Release|Any CPU
		{778ADA0D-7264-4B57-A4CE-058393F575CD}.Release|Any CPU.Build.0 = Release|Any CPU
	EndGlobalSection
	GlobalSection(SolutionProperties) = preSolution
		HideSolutionNode = FALSE
	EndGlobalSection
	GlobalSection(ExtensibilityGlobals) = postSolution
		SolutionGuid = {2865D4E3-19A9-4C3C-A187-5C8763BA8D47}
	EndGlobalSection
EndGlobal
